
Microsoft Visual Studio Solution File, Format Version 12.00
# Visual Studio 15
VisualStudioVersion = 15.0.28307.168
MinimumVisualStudioVersion = 10.0.40219.1
Project("{FAE04EC0-301F-11D3-BF4B-00C04F79EFBC}") = "Planner.Api", "Planner.Api\Planner.Api.csproj", "{5E68D88E-515B-462B-B07D-F4C8A41D72FA}"
EndProject
Project("{FAE04EC0-301F-11D3-BF4B-00C04F79EFBC}") = "Planner.Domain", "Planner.Domain\Planner.Domain.csproj", "{4D2892A9-151A-4111-8E08-B0FAFDAE42B8}"
EndProject
Global
	GlobalSection(SolutionConfigurationPlatforms) = preSolution
		Debug|Any CPU = Debug|Any CPU
		Release|Any CPU = Release|Any CPU
	EndGlobalSection
	GlobalSection(ProjectConfigurationPlatforms) = postSolution
		{5E68D88E-515B-462B-B07D-F4C8A41D72FA}.Debug|Any CPU.ActiveCfg = Debug|Any CPU
		{5E68D88E-515B-462B-B07D-F4C8A41D72FA}.Debug|Any CPU.Build.0 = Debug|Any CPU
		{5E68D88E-515B-462B-B07D-F4C8A41D72FA}.Release|Any CPU.ActiveCfg = Release|Any CPU
		{5E68D88E-515B-462B-B07D-F4C8A41D72FA}.Release|Any CPU.Build.0 = Release|Any CPU
		{4D2892A9-151A-4111-8E08-B0FAFDAE42B8}.Debug|Any CPU.ActiveCfg = Debug|Any CPU
		{4D2892A9-151A-4111-8E08-B0FAFDAE42B8}.Debug|Any CPU.Build.0 = Debug|Any CPU
		{4D2892A9-151A-4111-8E08-B0FAFDAE42B8}.Release|Any CPU.ActiveCfg = Release|Any CPU
		{4D2892A9-151A-4111-8E08-B0FAFDAE42B8}.Release|Any CPU.Build.0 = Release|Any CPU
	EndGlobalSection
	GlobalSection(SolutionProperties) = preSolution
		HideSolutionNode = FALSE
	EndGlobalSection
	GlobalSection(ExtensibilityGlobals) = postSolution
		SolutionGuid = {3CF3C1AA-92CB-43AE-92E0-7EED45B90A8D}
	EndGlobalSection
EndGlobal
