
Microsoft Visual Studio Solution File, Format Version 12.00
# Visual Studio 15
VisualStudioVersion = 15.0.28307.168
MinimumVisualStudioVersion = 10.0.40219.1
Project("{9A19103F-16F7-4668-BE54-9A1E7A4F7556}") = "Planner.Api", "Planner.Api\Planner.Api.csproj", "{5E68D88E-515B-462B-B07D-F4C8A41D72FA}"
EndProject
Project("{9A19103F-16F7-4668-BE54-9A1E7A4F7556}") = "Planner.Domain", "Planner.Domain\Planner.Domain.csproj", "{4D2892A9-151A-4111-8E08-B0FAFDAE42B8}"
EndProject
Project("{9A19103F-16F7-4668-BE54-9A1E7A4F7556}") = "Planner.Dto", "Planner.Dto\Planner.Dto.csproj", "{93CD71AB-DE58-4F28-9429-464B205549FD}"
EndProject
Project("{9A19103F-16F7-4668-BE54-9A1E7A4F7556}") = "Planner.Api.Tests", "Planner.Api.Tests\Planner.Api.Tests.csproj", "{2ECECB3A-2DDA-45DE-AD62-5299E08CEB8F}"
EndProject
Project("{9A19103F-16F7-4668-BE54-9A1E7A4F7556}") = "Planner.Mobile.Core", "Planner.Mobile.Core\Planner.Mobile.Core.csproj", "{B8936B39-FAC2-4F0C-95AF-15D01BFAA6F5}"
EndProject
Project("{FAE04EC0-301F-11D3-BF4B-00C04F79EFBC}") = "Planner.Droid", "Planner.Droid\Planner.Droid.csproj", "{3C74DFB2-6832-4B2A-AD0F-324B6BAC120E}"
EndProject
Global
	GlobalSection(SolutionConfigurationPlatforms) = preSolution
		Debug|Any CPU = Debug|Any CPU
		Release|Any CPU = Release|Any CPU
	EndGlobalSection
	GlobalSection(ProjectConfigurationPlatforms) = postSolution
		{5E68D88E-515B-462B-B07D-F4C8A41D72FA}.Debug|Any CPU.ActiveCfg = Debug|Any CPU
		{5E68D88E-515B-462B-B07D-F4C8A41D72FA}.Debug|Any CPU.Build.0 = Debug|Any CPU
		{5E68D88E-515B-462B-B07D-F4C8A41D72FA}.Release|Any CPU.ActiveCfg = Release|Any CPU
		{5E68D88E-515B-462B-B07D-F4C8A41D72FA}.Release|Any CPU.Build.0 = Release|Any CPU
		{4D2892A9-151A-4111-8E08-B0FAFDAE42B8}.Debug|Any CPU.ActiveCfg = Debug|Any CPU
		{4D2892A9-151A-4111-8E08-B0FAFDAE42B8}.Debug|Any CPU.Build.0 = Debug|Any CPU
		{4D2892A9-151A-4111-8E08-B0FAFDAE42B8}.Release|Any CPU.ActiveCfg = Release|Any CPU
		{4D2892A9-151A-4111-8E08-B0FAFDAE42B8}.Release|Any CPU.Build.0 = Release|Any CPU
		{93CD71AB-DE58-4F28-9429-464B205549FD}.Debug|Any CPU.ActiveCfg = Debug|Any CPU
		{93CD71AB-DE58-4F28-9429-464B205549FD}.Debug|Any CPU.Build.0 = Debug|Any CPU
		{93CD71AB-DE58-4F28-9429-464B205549FD}.Release|Any CPU.ActiveCfg = Release|Any CPU
		{93CD71AB-DE58-4F28-9429-464B205549FD}.Release|Any CPU.Build.0 = Release|Any CPU
		{2ECECB3A-2DDA-45DE-AD62-5299E08CEB8F}.Debug|Any CPU.ActiveCfg = Debug|Any CPU
		{2ECECB3A-2DDA-45DE-AD62-5299E08CEB8F}.Debug|Any CPU.Build.0 = Debug|Any CPU
		{2ECECB3A-2DDA-45DE-AD62-5299E08CEB8F}.Release|Any CPU.ActiveCfg = Release|Any CPU
		{2ECECB3A-2DDA-45DE-AD62-5299E08CEB8F}.Release|Any CPU.Build.0 = Release|Any CPU
		{B8936B39-FAC2-4F0C-95AF-15D01BFAA6F5}.Debug|Any CPU.ActiveCfg = Debug|Any CPU
		{B8936B39-FAC2-4F0C-95AF-15D01BFAA6F5}.Debug|Any CPU.Build.0 = Debug|Any CPU
		{B8936B39-FAC2-4F0C-95AF-15D01BFAA6F5}.Release|Any CPU.ActiveCfg = Release|Any CPU
		{B8936B39-FAC2-4F0C-95AF-15D01BFAA6F5}.Release|Any CPU.Build.0 = Release|Any CPU
		{3C74DFB2-6832-4B2A-AD0F-324B6BAC120E}.Debug|Any CPU.ActiveCfg = Debug|Any CPU
		{3C74DFB2-6832-4B2A-AD0F-324B6BAC120E}.Debug|Any CPU.Build.0 = Debug|Any CPU
		{3C74DFB2-6832-4B2A-AD0F-324B6BAC120E}.Debug|Any CPU.Deploy.0 = Debug|Any CPU
		{3C74DFB2-6832-4B2A-AD0F-324B6BAC120E}.Release|Any CPU.ActiveCfg = Release|Any CPU
		{3C74DFB2-6832-4B2A-AD0F-324B6BAC120E}.Release|Any CPU.Build.0 = Release|Any CPU
		{3C74DFB2-6832-4B2A-AD0F-324B6BAC120E}.Release|Any CPU.Deploy.0 = Release|Any CPU
	EndGlobalSection
	GlobalSection(SolutionProperties) = preSolution
		HideSolutionNode = FALSE
	EndGlobalSection
	GlobalSection(ExtensibilityGlobals) = postSolution
		SolutionGuid = {3CF3C1AA-92CB-43AE-92E0-7EED45B90A8D}
	EndGlobalSection
EndGlobal
